
Microsoft Visual Studio Solution File, Format Version 12.00
# Visual Studio Version 17
VisualStudioVersion = 17.3.32929.385
MinimumVisualStudioVersion = 10.0.40219.1
Project("{FAE04EC0-301F-11D3-BF4B-00C04F79EFBC}") = "Ornek01.WebF", "Ornek01.WebF\Ornek01.WebF.csproj", "{C2E2F23A-B8B0-46B2-ADB4-C1E1C615FF4B}"
EndProject
Project("{FAE04EC0-301F-11D3-BF4B-00C04F79EFBC}") = "ASPNet.SomeControls", "ASPNet.SomeControls\ASPNet.SomeControls.csproj", "{D901118E-6DE1-441F-8DC3-04674C401345}"
EndProject
Global
	GlobalSection(SolutionConfigurationPlatforms) = preSolution
		Debug|Any CPU = Debug|Any CPU
		Release|Any CPU = Release|Any CPU
	EndGlobalSection
	GlobalSection(ProjectConfigurationPlatforms) = postSolution
		{C2E2F23A-B8B0-46B2-ADB4-C1E1C615FF4B}.Debug|Any CPU.ActiveCfg = Debug|Any CPU
		{C2E2F23A-B8B0-46B2-ADB4-C1E1C615FF4B}.Debug|Any CPU.Build.0 = Debug|Any CPU
		{C2E2F23A-B8B0-46B2-ADB4-C1E1C615FF4B}.Release|Any CPU.ActiveCfg = Release|Any CPU
		{C2E2F23A-B8B0-46B2-ADB4-C1E1C615FF4B}.Release|Any CPU.Build.0 = Release|Any CPU
		{D901118E-6DE1-441F-8DC3-04674C401345}.Debug|Any CPU.ActiveCfg = Debug|Any CPU
		{D901118E-6DE1-441F-8DC3-04674C401345}.Debug|Any CPU.Build.0 = Debug|Any CPU
		{D901118E-6DE1-441F-8DC3-04674C401345}.Release|Any CPU.ActiveCfg = Release|Any CPU
		{D901118E-6DE1-441F-8DC3-04674C401345}.Release|Any CPU.Build.0 = Release|Any CPU
	EndGlobalSection
	GlobalSection(SolutionProperties) = preSolution
		HideSolutionNode = FALSE
	EndGlobalSection
	GlobalSection(ExtensibilityGlobals) = postSolution
		SolutionGuid = {30999BA1-AF1F-4D46-B49F-CBE5FCFB734E}
	EndGlobalSection
EndGlobal
